
Microsoft Visual Studio Solution File, Format Version 11.00
# Visual Studio 2010
Project("{FAE04EC0-301F-11D3-BF4B-00C04F79EFBC}") = "SampleJankenAgent", "SampleJankenAgent\SampleJankenAgent.csproj", "{BA2F95EA-F3DB-44CA-8F24-9E79319CC328}"
EndProject
Project("{FAE04EC0-301F-11D3-BF4B-00C04F79EFBC}") = "JankenReferee", "JankenReferee\JankenReferee.csproj", "{E2E00C3F-7604-41C1-BD4D-94C7D6F4A71D}"
EndProject
Project("{FAE04EC0-301F-11D3-BF4B-00C04F79EFBC}") = "JankenLib", "JankenLib\JankenLib.csproj", "{745748ED-182A-49E4-85BE-7174ECCAC307}"
EndProject
Global
	GlobalSection(SolutionConfigurationPlatforms) = preSolution
		Debug|Any CPU = Debug|Any CPU
		Debug|Mixed Platforms = Debug|Mixed Platforms
		Debug|x86 = Debug|x86
		Release|Any CPU = Release|Any CPU
		Release|Mixed Platforms = Release|Mixed Platforms
		Release|x86 = Release|x86
	EndGlobalSection
	GlobalSection(ProjectConfigurationPlatforms) = postSolution
		{BA2F95EA-F3DB-44CA-8F24-9E79319CC328}.Debug|Any CPU.ActiveCfg = Debug|x86
		{BA2F95EA-F3DB-44CA-8F24-9E79319CC328}.Debug|Mixed Platforms.ActiveCfg = Debug|x86
		{BA2F95EA-F3DB-44CA-8F24-9E79319CC328}.Debug|Mixed Platforms.Build.0 = Debug|x86
		{BA2F95EA-F3DB-44CA-8F24-9E79319CC328}.Debug|x86.ActiveCfg = Debug|x86
		{BA2F95EA-F3DB-44CA-8F24-9E79319CC328}.Debug|x86.Build.0 = Debug|x86
		{BA2F95EA-F3DB-44CA-8F24-9E79319CC328}.Release|Any CPU.ActiveCfg = Release|x86
		{BA2F95EA-F3DB-44CA-8F24-9E79319CC328}.Release|Mixed Platforms.ActiveCfg = Release|x86
		{BA2F95EA-F3DB-44CA-8F24-9E79319CC328}.Release|Mixed Platforms.Build.0 = Release|x86
		{BA2F95EA-F3DB-44CA-8F24-9E79319CC328}.Release|x86.ActiveCfg = Release|x86
		{BA2F95EA-F3DB-44CA-8F24-9E79319CC328}.Release|x86.Build.0 = Release|x86
		{E2E00C3F-7604-41C1-BD4D-94C7D6F4A71D}.Debug|Any CPU.ActiveCfg = Debug|x86
		{E2E00C3F-7604-41C1-BD4D-94C7D6F4A71D}.Debug|Mixed Platforms.ActiveCfg = Debug|x86
		{E2E00C3F-7604-41C1-BD4D-94C7D6F4A71D}.Debug|Mixed Platforms.Build.0 = Debug|x86
		{E2E00C3F-7604-41C1-BD4D-94C7D6F4A71D}.Debug|x86.ActiveCfg = Debug|x86
		{E2E00C3F-7604-41C1-BD4D-94C7D6F4A71D}.Debug|x86.Build.0 = Debug|x86
		{E2E00C3F-7604-41C1-BD4D-94C7D6F4A71D}.Release|Any CPU.ActiveCfg = Release|x86
		{E2E00C3F-7604-41C1-BD4D-94C7D6F4A71D}.Release|Mixed Platforms.ActiveCfg = Release|x86
		{E2E00C3F-7604-41C1-BD4D-94C7D6F4A71D}.Release|Mixed Platforms.Build.0 = Release|x86
		{E2E00C3F-7604-41C1-BD4D-94C7D6F4A71D}.Release|x86.ActiveCfg = Release|x86
		{E2E00C3F-7604-41C1-BD4D-94C7D6F4A71D}.Release|x86.Build.0 = Release|x86
		{745748ED-182A-49E4-85BE-7174ECCAC307}.Debug|Any CPU.ActiveCfg = Debug|Any CPU
		{745748ED-182A-49E4-85BE-7174ECCAC307}.Debug|Any CPU.Build.0 = Debug|Any CPU
		{745748ED-182A-49E4-85BE-7174ECCAC307}.Debug|Mixed Platforms.ActiveCfg = Debug|Any CPU
		{745748ED-182A-49E4-85BE-7174ECCAC307}.Debug|Mixed Platforms.Build.0 = Debug|Any CPU
		{745748ED-182A-49E4-85BE-7174ECCAC307}.Debug|x86.ActiveCfg = Debug|Any CPU
		{745748ED-182A-49E4-85BE-7174ECCAC307}.Release|Any CPU.ActiveCfg = Release|Any CPU
		{745748ED-182A-49E4-85BE-7174ECCAC307}.Release|Any CPU.Build.0 = Release|Any CPU
		{745748ED-182A-49E4-85BE-7174ECCAC307}.Release|Mixed Platforms.ActiveCfg = Release|Any CPU
		{745748ED-182A-49E4-85BE-7174ECCAC307}.Release|Mixed Platforms.Build.0 = Release|Any CPU
		{745748ED-182A-49E4-85BE-7174ECCAC307}.Release|x86.ActiveCfg = Release|Any CPU
	EndGlobalSection
	GlobalSection(SolutionProperties) = preSolution
		HideSolutionNode = FALSE
	EndGlobalSection
EndGlobal
